
Microsoft Visual Studio Solution File, Format Version 12.00
# Visual Studio Version 17
VisualStudioVersion = 17.4.33110.190
MinimumVisualStudioVersion = 10.0.40219.1
Project("{FAE04EC0-301F-11D3-BF4B-00C04F79EFBC}") = "ParPr_Lb2", "ParPr_Lb2\ParPr_Lb2.csproj", "{7089C59B-B254-4243-9581-C0AB660BF64E}"
EndProject
Global
	GlobalSection(SolutionConfigurationPlatforms) = preSolution
		Debug|Any CPU = Debug|Any CPU
		Release|Any CPU = Release|Any CPU
	EndGlobalSection
	GlobalSection(ProjectConfigurationPlatforms) = postSolution
		{7089C59B-B254-4243-9581-C0AB660BF64E}.Debug|Any CPU.ActiveCfg = Debug|Any CPU
		{7089C59B-B254-4243-9581-C0AB660BF64E}.Debug|Any CPU.Build.0 = Debug|Any CPU
		{7089C59B-B254-4243-9581-C0AB660BF64E}.Release|Any CPU.ActiveCfg = Release|Any CPU
		{7089C59B-B254-4243-9581-C0AB660BF64E}.Release|Any CPU.Build.0 = Release|Any CPU
	EndGlobalSection
	GlobalSection(SolutionProperties) = preSolution
		HideSolutionNode = FALSE
	EndGlobalSection
	GlobalSection(ExtensibilityGlobals) = postSolution
		SolutionGuid = {B01B9004-7F49-4B1A-9111-12A26C26A78C}
	EndGlobalSection
EndGlobal
